
Microsoft Visual Studio Solution File, Format Version 12.00
# Visual Studio Version 16
VisualStudioVersion = 16.0.32002.261
MinimumVisualStudioVersion = 10.0.40219.1
Project("{FAE04EC0-301F-11D3-BF4B-00C04F79EFBC}") = "Ngrok Desktop", "Ngrok Desktop.csproj", "{ED42B174-4499-4ED9-A3ED-48FCC9C26663}"
EndProject
Global
	GlobalSection(SolutionConfigurationPlatforms) = preSolution
		Debug|Any CPU = Debug|Any CPU
		Release|Any CPU = Release|Any CPU
	EndGlobalSection
	GlobalSection(ProjectConfigurationPlatforms) = postSolution
		{ED42B174-4499-4ED9-A3ED-48FCC9C26663}.Debug|Any CPU.ActiveCfg = Debug|Any CPU
		{ED42B174-4499-4ED9-A3ED-48FCC9C26663}.Debug|Any CPU.Build.0 = Debug|Any CPU
		{ED42B174-4499-4ED9-A3ED-48FCC9C26663}.Release|Any CPU.ActiveCfg = Release|Any CPU
		{ED42B174-4499-4ED9-A3ED-48FCC9C26663}.Release|Any CPU.Build.0 = Release|Any CPU
	EndGlobalSection
	GlobalSection(SolutionProperties) = preSolution
		HideSolutionNode = FALSE
	EndGlobalSection
	GlobalSection(ExtensibilityGlobals) = postSolution
		SolutionGuid = {E9974410-F650-405A-8E29-A587F0030470}
	EndGlobalSection
EndGlobal
